
Microsoft Visual Studio Solution File, Format Version 12.00
# Visual Studio Version 17
VisualStudioVersion = 17.5.33530.505
MinimumVisualStudioVersion = 10.0.40219.1
Project("{FAE04EC0-301F-11D3-BF4B-00C04F79EFBC}") = "Backend", "Backend.csproj", "{89A740A1-FD71-40C1-BB09-1C92EBF9971D}"
EndProject
Global
	GlobalSection(SolutionConfigurationPlatforms) = preSolution
		Debug|Any CPU = Debug|Any CPU
		Release|Any CPU = Release|Any CPU
	EndGlobalSection
	GlobalSection(ProjectConfigurationPlatforms) = postSolution
		{89A740A1-FD71-40C1-BB09-1C92EBF9971D}.Debug|Any CPU.ActiveCfg = Debug|Any CPU
		{89A740A1-FD71-40C1-BB09-1C92EBF9971D}.Debug|Any CPU.Build.0 = Debug|Any CPU
		{89A740A1-FD71-40C1-BB09-1C92EBF9971D}.Release|Any CPU.ActiveCfg = Release|Any CPU
		{89A740A1-FD71-40C1-BB09-1C92EBF9971D}.Release|Any CPU.Build.0 = Release|Any CPU
	EndGlobalSection
	GlobalSection(SolutionProperties) = preSolution
		HideSolutionNode = FALSE
	EndGlobalSection
	GlobalSection(ExtensibilityGlobals) = postSolution
		SolutionGuid = {F7CBB3B9-E50D-4119-AFAE-2B1F07A75D60}
	EndGlobalSection
EndGlobal
